// !$*UTF8*$!
{
	archiveVersion = 1;
	classes = {
	};
	objectVersion = 56;
	objects = {

/* Begin PBXBuildFile section */
		BDC4DC1E2C25CF4100729048 /* ABOUT_ME2App.swift in Sources */ = {isa = PBXBuildFile; fileRef = BDC4DC1D2C25CF4100729048 /* ABOUT_ME2App.swift */; };
		BDC4DC202C25CF4100729048 /* ContentView.swift in Sources */ = {isa = PBXBuildFile; fileRef = BDC4DC1F2C25CF4100729048 /* ContentView.swift */; };
		BDC4DC222C25CF4300729048 /* Assets.xcassets in Resources */ = {isa = PBXBuildFile; fileRef = BDC4DC212C25CF4300729048 /* Assets.xcassets */; };
		BDC4DC252C25CF4300729048 /* Preview Assets.xcassets in Resources */ = {isa = PBXBuildFile; fileRef = BDC4DC242C25CF4300729048 /* Preview Assets.xcassets */; };
		BDC4DC2F2C25CF4300729048 /* ABOUT_ME2Tests.swift in Sources */ = {isa = PBXBuildFile; fileRef = BDC4DC2E2C25CF4300729048 /* ABOUT_ME2Tests.swift */; };
		BDC4DC392C25CF4300729048 /* ABOUT_ME2UITests.swift in Sources */ = {isa = PBXBuildFile; fileRef = BDC4DC382C25CF4300729048 /* ABOUT_ME2UITests.swift */; };
		BDC4DC3B2C25CF4300729048 /* ABOUT_ME2UITestsLaunchTests.swift in Sources */ = {isa = PBXBuildFile; fileRef = BDC4DC3A2C25CF4300729048 /* ABOUT_ME2UITestsLaunchTests.swift */; };
/* End PBXBuildFile section */

/* Begin PBXContainerItemProxy section */
		BDC4DC2B2C25CF4300729048 /* PBXContainerItemProxy */ = {
			isa = PBXContainerItemProxy;
			containerPortal = BDC4DC122C25CF4100729048 /* Project object */;
			proxyType = 1;
			remoteGlobalIDString = BDC4DC192C25CF4100729048;
			remoteInfo = "ABOUT ME2";
		};
		BDC4DC352C25CF4300729048 /* PBXContainerItemProxy */ = {
			isa = PBXContainerItemProxy;
			containerPortal = BDC4DC122C25CF4100729048 /* Project object */;
			proxyType = 1;
			remoteGlobalIDString = BDC4DC192C25CF4100729048;
			remoteInfo = "ABOUT ME2";
		};
/* End PBXContainerItemProxy section */

/* Begin PBXFileReference section */
		BDC4DC1A2C25CF4100729048 /* ABOUT ME2.app */ = {isa = PBXFileReference; explicitFileType = wrapper.application; includeInIndex = 0; path = "ABOUT ME2.app"; sourceTree = BUILT_PRODUCTS_DIR; };
		BDC4DC1D2C25CF4100729048 /* ABOUT_ME2App.swift */ = {isa = PBXFileReference; lastKnownFileType = sourcecode.swift; path = ABOUT_ME2App.swift; sourceTree = "<group>"; };
		BDC4DC1F2C25CF4100729048 /* ContentView.swift */ = {isa = PBXFileReference; lastKnownFileType = sourcecode.swift; path = ContentView.swift; sourceTree = "<group>"; };
		BDC4DC212C25CF4300729048 /* Assets.xcassets */ = {isa = PBXFileReference; lastKnownFileType = folder.assetcatalog; path = Assets.xcassets; sourceTree = "<group>"; };
		BDC4DC242C25CF4300729048 /* Preview Assets.xcassets */ = {isa = PBXFileReference; lastKnownFileType = folder.assetcatalog; path = "Preview Assets.xcassets"; sourceTree = "<group>"; };
		BDC4DC2A2C25CF4300729048 /* ABOUT ME2Tests.xctest */ = {isa = PBXFileReference; explicitFileType = wrapper.cfbundle; includeInIndex = 0; path = "ABOUT ME2Tests.xctest"; sourceTree = BUILT_PRODUCTS_DIR; };
		BDC4DC2E2C25CF4300729048 /* ABOUT_ME2Tests.swift */ = {isa = PBXFileReference; lastKnownFileType = sourcecode.swift; path = ABOUT_ME2Tests.swift; sourceTree = "<group>"; };
		BDC4DC342C25CF4300729048 /* ABOUT ME2UITests.xctest */ = {isa = PBXFileReference; explicitFileType = wrapper.cfbundle; includeInIndex = 0; path = "ABOUT ME2UITests.xctest"; sourceTree = BUILT_PRODUCTS_DIR; };
		BDC4DC382C25CF4300729048 /* ABOUT_ME2UITests.swift */ = {isa = PBXFileReference; lastKnownFileType = sourcecode.swift; path = ABOUT_ME2UITests.swift; sourceTree = "<group>"; };
		BDC4DC3A2C25CF4300729048 /* ABOUT_ME2UITestsLaunchTests.swift */ = {isa = PBXFileReference; lastKnownFileType = sourcecode.swift; path = ABOUT_ME2UITestsLaunchTests.swift; sourceTree = "<group>"; };
/* End PBXFileReference section */

/* Begin PBXFrameworksBuildPhase section */
		BDC4DC172C25CF4100729048 /* Frameworks */ = {
			isa = PBXFrameworksBuildPhase;
			buildActionMask = 2147483647;
			files = (
			);
			runOnlyForDeploymentPostprocessing = 0;
		};
		BDC4DC272C25CF4300729048 /* Frameworks */ = {
			isa = PBXFrameworksBuildPhase;
			buildActionMask = 2147483647;
			files = (
			);
			runOnlyForDeploymentPostprocessing = 0;
		};
		BDC4DC312C25CF4300729048 /* Frameworks */ = {
			isa = PBXFrameworksBuildPhase;
			buildActionMask = 2147483647;
			files = (
			);
			runOnlyForDeploymentPostprocessing = 0;
		};
/* End PBXFrameworksBuildPhase section */

/* Begin PBXGroup section */
		BDC4DC112C25CF4100729048 = {
			isa = PBXGroup;
			children = (
				BDC4DC1C2C25CF4100729048 /* ABOUT ME2 */,
				BDC4DC2D2C25CF4300729048 /* ABOUT ME2Tests */,
				BDC4DC372C25CF4300729048 /* ABOUT ME2UITests */,
				BDC4DC1B2C25CF4100729048 /* Products */,
			);
			sourceTree = "<group>";
		};
		BDC4DC1B2C25CF4100729048 /* Products */ = {
			isa = PBXGroup;
			children = (
				BDC4DC1A2C25CF4100729048 /* ABOUT ME2.app */,
				BDC4DC2A2C25CF4300729048 /* ABOUT ME2Tests.xctest */,
				BDC4DC342C25CF4300729048 /* ABOUT ME2UITests.xctest */,
			);
			name = Products;
			sourceTree = "<group>";
		};
		BDC4DC1C2C25CF4100729048 /* ABOUT ME2 */ = {
			isa = PBXGroup;
			children = (
				BDC4DC1D2C25CF4100729048 /* ABOUT_ME2App.swift */,
				BDC4DC1F2C25CF4100729048 /* ContentView.swift */,
				BDC4DC212C25CF4300729048 /* Assets.xcassets */,
				BDC4DC232C25CF4300729048 /* Preview Content */,
			);
			path = "ABOUT ME2";
			sourceTree = "<group>";
		};
		BDC4DC232C25CF4300729048 /* Preview Content */ = {
			isa = PBXGroup;
			children = (
				BDC4DC242C25CF4300729048 /* Preview Assets.xcassets */,
			);
			path = "Preview Content";
			sourceTree = "<group>";
		};
		BDC4DC2D2C25CF4300729048 /* ABOUT ME2Tests */ = {
			isa = PBXGroup;
			children = (
				BDC4DC2E2C25CF4300729048 /* ABOUT_ME2Tests.swift */,
			);
			path = "ABOUT ME2Tests";
			sourceTree = "<group>";
		};
		BDC4DC372C25CF4300729048 /* ABOUT ME2UITests */ = {
			isa = PBXGroup;
			children = (
				BDC4DC382C25CF4300729048 /* ABOUT_ME2UITests.swift */,
				BDC4DC3A2C25CF4300729048 /* ABOUT_ME2UITestsLaunchTests.swift */,
			);
			path = "ABOUT ME2UITests";
			sourceTree = "<group>";
		};
/* End PBXGroup section */

/* Begin PBXNativeTarget section */
		BDC4DC192C25CF4100729048 /* ABOUT ME2 */ = {
			isa = PBXNativeTarget;
			buildConfigurationList = BDC4DC3E2C25CF4300729048 /* Build configuration list for PBXNativeTarget "ABOUT ME2" */;
			buildPhases = (
				BDC4DC162C25CF4100729048 /* Sources */,
				BDC4DC172C25CF4100729048 /* Frameworks */,
				BDC4DC182C25CF4100729048 /* Resources */,
			);
			buildRules = (
			);
			dependencies = (
			);
			name = "ABOUT ME2";
			productName = "ABOUT ME2";
			productReference = BDC4DC1A2C25CF4100729048 /* ABOUT ME2.app */;
			productType = "com.apple.product-type.application";
		};
		BDC4DC292C25CF4300729048 /* ABOUT ME2Tests */ = {
			isa = PBXNativeTarget;
			buildConfigurationList = BDC4DC412C25CF4300729048 /* Build configuration list for PBXNativeTarget "ABOUT ME2Tests" */;
			buildPhases = (
				BDC4DC262C25CF4300729048 /* Sources */,
				BDC4DC272C25CF4300729048 /* Frameworks */,
				BDC4DC282C25CF4300729048 /* Resources */,
			);
			buildRules = (
			);
			dependencies = (
				BDC4DC2C2C25CF4300729048 /* PBXTargetDependency */,
			);
			name = "ABOUT ME2Tests";
			productName = "ABOUT ME2Tests";
			productReference = BDC4DC2A2C25CF4300729048 /* ABOUT ME2Tests.xctest */;
			productType = "com.apple.product-type.bundle.unit-test";
		};
		BDC4DC332C25CF4300729048 /* ABOUT ME2UITests */ = {
			isa = PBXNativeTarget;
			buildConfigurationList = BDC4DC442C25CF4300729048 /* Build configuration list for PBXNativeTarget "ABOUT ME2UITests" */;
			buildPhases = (
				BDC4DC302C25CF4300729048 /* Sources */,
				BDC4DC312C25CF4300729048 /* Frameworks */,
				BDC4DC322C25CF4300729048 /* Resources */,
			);
			buildRules = (
			);
			dependencies = (
				BDC4DC362C25CF4300729048 /* PBXTargetDependency */,
			);
			name = "ABOUT ME2UITests";
			productName = "ABOUT ME2UITests";
			productReference = BDC4DC342C25CF4300729048 /* ABOUT ME2UITests.xctest */;
			productType = "com.apple.product-type.bundle.ui-testing";
		};
/* End PBXNativeTarget section */

/* Begin PBXProject section */
		BDC4DC122C25CF4100729048 /* Project object */ = {
			isa = PBXProject;
			attributes = {
				BuildIndependentTargetsInParallel = 1;
				LastSwiftUpdateCheck = 1540;
				LastUpgradeCheck = 1540;
				TargetAttributes = {
					BDC4DC192C25CF4100729048 = {
						CreatedOnToolsVersion = 15.4;
					};
					BDC4DC292C25CF4300729048 = {
						CreatedOnToolsVersion = 15.4;
						TestTargetID = BDC4DC192C25CF4100729048;
					};
					BDC4DC332C25CF4300729048 = {
						CreatedOnToolsVersion = 15.4;
						TestTargetID = BDC4DC192C25CF4100729048;
					};
				};
			};
			buildConfigurationList = BDC4DC152C25CF4100729048 /* Build configuration list for PBXProject "ABOUT ME2" */;
			compatibilityVersion = "Xcode 14.0";
			developmentRegion = en;
			hasScannedForEncodings = 0;
			knownRegions = (
				en,
				Base,
			);
			mainGroup = BDC4DC112C25CF4100729048;
			productRefGroup = BDC4DC1B2C25CF4100729048 /* Products */;
			projectDirPath = "";
			projectRoot = "";
			targets = (
				BDC4DC192C25CF4100729048 /* ABOUT ME2 */,
				BDC4DC292C25CF4300729048 /* ABOUT ME2Tests */,
				BDC4DC332C25CF4300729048 /* ABOUT ME2UITests */,
			);
		};
/* End PBXProject section */

/* Begin PBXResourcesBuildPhase section */
		BDC4DC182C25CF4100729048 /* Resources */ = {
			isa = PBXResourcesBuildPhase;
			buildActionMask = 2147483647;
			files = (
				BDC4DC252C25CF4300729048 /* Preview Assets.xcassets in Resources */,
				BDC4DC222C25CF4300729048 /* Assets.xcassets in Resources */,
			);
			runOnlyForDeploymentPostprocessing = 0;
		};
		BDC4DC282C25CF4300729048 /* Resources */ = {
			isa = PBXResourcesBuildPhase;
			buildActionMask = 2147483647;
			files = (
			);
			runOnlyForDeploymentPostprocessing = 0;
		};
		BDC4DC322C25CF4300729048 /* Resources */ = {
			isa = PBXResourcesBuildPhase;
			buildActionMask = 2147483647;
			files = (
			);
			runOnlyForDeploymentPostprocessing = 0;
		};
/* End PBXResourcesBuildPhase section */

/* Begin PBXSourcesBuildPhase section */
		BDC4DC162C25CF4100729048 /* Sources */ = {
			isa = PBXSourcesBuildPhase;
			buildActionMask = 2147483647;
			files = (
				BDC4DC202C25CF4100729048 /* ContentView.swift in Sources */,
				BDC4DC1E2C25CF4100729048 /* ABOUT_ME2App.swift in Sources */,
			);
			runOnlyForDeploymentPostprocessing = 0;
		};
		BDC4DC262C25CF4300729048 /* Sources */ = {
			isa = PBXSourcesBuildPhase;
			buildActionMask = 2147483647;
			files = (
				BDC4DC2F2C25CF4300729048 /* ABOUT_ME2Tests.swift in Sources */,
			);
			runOnlyForDeploymentPostprocessing = 0;
		};
		BDC4DC302C25CF4300729048 /* Sources */ = {
			isa = PBXSourcesBuildPhase;
			buildActionMask = 2147483647;
			files = (
				BDC4DC392C25CF4300729048 /* ABOUT_ME2UITests.swift in Sources */,
				BDC4DC3B2C25CF4300729048 /* ABOUT_ME2UITestsLaunchTests.swift in Sources */,
			);
			runOnlyForDeploymentPostprocessing = 0;
		};
/* End PBXSourcesBuildPhase section */

/* Begin PBXTargetDependency section */
		BDC4DC2C2C25CF4300729048 /* PBXTargetDependency */ = {
			isa = PBXTargetDependency;
			target = BDC4DC192C25CF4100729048 /* ABOUT ME2 */;
			targetProxy = BDC4DC2B2C25CF4300729048 /* PBXContainerItemProxy */;
		};
		BDC4DC362C25CF4300729048 /* PBXTargetDependency */ = {
			isa = PBXTargetDependency;
			target = BDC4DC192C25CF4100729048 /* ABOUT ME2 */;
			targetProxy = BDC4DC352C25CF4300729048 /* PBXContainerItemProxy */;
		};
/* End PBXTargetDependency section */

/* Begin XCBuildConfiguration section */
		BDC4DC3C2C25CF4300729048 /* Debug */ = {
			isa = XCBuildConfiguration;
			buildSettings = {
				ALWAYS_SEARCH_USER_PATHS = NO;
				ASSETCATALOG_COMPILER_GENERATE_SWIFT_ASSET_SYMBOL_EXTENSIONS = YES;
				CLANG_ANALYZER_NONNULL = YES;
				CLANG_ANALYZER_NUMBER_OBJECT_CONVERSION = YES_AGGRESSIVE;
				CLANG_CXX_LANGUAGE_STANDARD = "gnu++20";
				CLANG_ENABLE_MODULES = YES;
				CLANG_ENABLE_OBJC_ARC = YES;
				CLANG_ENABLE_OBJC_WEAK = YES;
				CLANG_WARN_BLOCK_CAPTURE_AUTORELEASING = YES;
				CLANG_WARN_BOOL_CONVERSION = YES;
				CLANG_WARN_COMMA = YES;
				CLANG_WARN_CONSTANT_CONVERSION = YES;
				CLANG_WARN_DEPRECATED_OBJC_IMPLEMENTATIONS = YES;
				CLANG_WARN_DIRECT_OBJC_ISA_USAGE = YES_ERROR;
				CLANG_WARN_DOCUMENTATION_COMMENTS = YES;
				CLANG_WARN_EMPTY_BODY = YES;
				CLANG_WARN_ENUM_CONVERSION = YES;
				CLANG_WARN_INFINITE_RECURSION = YES;
				CLANG_WARN_INT_CONVERSION = YES;
				CLANG_WARN_NON_LITERAL_NULL_CONVERSION = YES;
				CLANG_WARN_OBJC_IMPLICIT_RETAIN_SELF = YES;
				CLANG_WARN_OBJC_LITERAL_CONVERSION = YES;
				CLANG_WARN_OBJC_ROOT_CLASS = YES_ERROR;
				CLANG_WARN_QUOTED_INCLUDE_IN_FRAMEWORK_HEADER = YES;
				CLANG_WARN_RANGE_LOOP_ANALYSIS = YES;
				CLANG_WARN_STRICT_PROTOTYPES = YES;
				CLANG_WARN_SUSPICIOUS_MOVE = YES;
				CLANG_WARN_UNGUARDED_AVAILABILITY = YES_AGGRESSIVE;
				CLANG_WARN_UNREACHABLE_CODE = YES;
				CLANG_WARN__DUPLICATE_METHOD_MATCH = YES;
				COPY_PHASE_STRIP = NO;
				DEBUG_INFORMATION_FORMAT = dwarf;
				ENABLE_STRICT_OBJC_MSGSEND = YES;
				ENABLE_TESTABILITY = YES;
				ENABLE_USER_SCRIPT_SANDBOXING = YES;
				GCC_C_LANGUAGE_STANDARD = gnu17;
				GCC_DYNAMIC_NO_PIC = NO;
				GCC_NO_COMMON_BLOCKS = YES;
				GCC_OPTIMIZATION_LEVEL = 0;
				GCC_PREPROCESSOR_DEFINITIONS = (
					"DEBUG=1",
					"$(inherited)",
				);
				GCC_WARN_64_TO_32_BIT_CONVERSION = YES;
				GCC_WARN_ABOUT_RETURN_TYPE = YES_ERROR;
				GCC_WARN_UNDECLARED_SELECTOR = YES;
				GCC_WARN_UNINITIALIZED_AUTOS = YES_AGGRESSIVE;
				GCC_WARN_UNUSED_FUNCTION = YES;
				GCC_WARN_UNUSED_VARIABLE = YES;
				IPHONEOS_DEPLOYMENT_TARGET = 17.5;
				LOCALIZATION_PREFERS_STRING_CATALOGS = YES;
				MTL_ENABLE_DEBUG_INFO = INCLUDE_SOURCE;
				MTL_FAST_MATH = YES;
				ONLY_ACTIVE_ARCH = YES;
				SDKROOT = iphoneos;
				SWIFT_ACTIVE_COMPILATION_CONDITIONS = "DEBUG $(inherited)";
				SWIFT_OPTIMIZATION_LEVEL = "-Onone";
			};
			name = Debug;
		};
		BDC4DC3D2C25CF4300729048 /* Release */ = {
			isa = XCBuildConfiguration;
			buildSettings = {
				ALWAYS_SEARCH_USER_PATHS = NO;
				ASSETCATALOG_COMPILER_GENERATE_SWIFT_ASSET_SYMBOL_EXTENSIONS = YES;
				CLANG_ANALYZER_NONNULL = YES;
				CLANG_ANALYZER_NUMBER_OBJECT_CONVERSION = YES_AGGRESSIVE;
				CLANG_CXX_LANGUAGE_STANDARD = "gnu++20";
				CLANG_ENABLE_MODULES = YES;
				CLANG_ENABLE_OBJC_ARC = YES;
				CLANG_ENABLE_OBJC_WEAK = YES;
				CLANG_WARN_BLOCK_CAPTURE_AUTORELEASING = YES;
				CLANG_WARN_BOOL_CONVERSION = YES;
				CLANG_WARN_COMMA = YES;
				CLANG_WARN_CONSTANT_CONVERSION = YES;
				CLANG_WARN_DEPRECATED_OBJC_IMPLEMENTATIONS = YES;
				CLANG_WARN_DIRECT_OBJC_ISA_USAGE = YES_ERROR;
				CLANG_WARN_DOCUMENTATION_COMMENTS = YES;
				CLANG_WARN_EMPTY_BODY = YES;
				CLANG_WARN_ENUM_CONVERSION = YES;
				CLANG_WARN_INFINITE_RECURSION = YES;
				CLANG_WARN_INT_CONVERSION = YES;
				CLANG_WARN_NON_LITERAL_NULL_CONVERSION = YES;
				CLANG_WARN_OBJC_IMPLICIT_RETAIN_SELF = YES;
				CLANG_WARN_OBJC_LITERAL_CONVERSION = YES;
				CLANG_WARN_OBJC_ROOT_CLASS = YES_ERROR;
				CLANG_WARN_QUOTED_INCLUDE_IN_FRAMEWORK_HEADER = YES;
				CLANG_WARN_RANGE_LOOP_ANALYSIS = YES;
				CLANG_WARN_STRICT_PROTOTYPES = YES;
				CLANG_WARN_SUSPICIOUS_MOVE = YES;
				CLANG_WARN_UNGUARDED_AVAILABILITY = YES_AGGRESSIVE;
				CLANG_WARN_UNREACHABLE_CODE = YES;
				CLANG_WARN__DUPLICATE_METHOD_MATCH = YES;
				COPY_PHASE_STRIP = NO;
				DEBUG_INFORMATION_FORMAT = "dwarf-with-dsym";
				ENABLE_NS_ASSERTIONS = NO;
				ENABLE_STRICT_OBJC_MSGSEND = YES;
				ENABLE_USER_SCRIPT_SANDBOXING = YES;
				GCC_C_LANGUAGE_STANDARD = gnu17;
				GCC_NO_COMMON_BLOCKS = YES;
				GCC_WARN_64_TO_32_BIT_CONVERSION = YES;
				GCC_WARN_ABOUT_RETURN_TYPE = YES_ERROR;
				GCC_WARN_UNDECLARED_SELECTOR = YES;
				GCC_WARN_UNINITIALIZED_AUTOS = YES_AGGRESSIVE;
				GCC_WARN_UNUSED_FUNCTION = YES;
				GCC_WARN_UNUSED_VARIABLE = YES;
				IPHONEOS_DEPLOYMENT_TARGET = 17.5;
				LOCALIZATION_PREFERS_STRING_CATALOGS = YES;
				MTL_ENABLE_DEBUG_INFO = NO;
				MTL_FAST_MATH = YES;
				SDKROOT = iphoneos;
				SWIFT_COMPILATION_MODE = wholemodule;
				VALIDATE_PRODUCT = YES;
			};
			name = Release;
		};
		BDC4DC3F2C25CF4300729048 /* Debug */ = {
			isa = XCBuildConfiguration;
			buildSettings = {
				ASSETCATALOG_COMPILER_APPICON_NAME = AppIcon;
				ASSETCATALOG_COMPILER_GLOBAL_ACCENT_COLOR_NAME = AccentColor;
				CODE_SIGN_STYLE = Automatic;
				CURRENT_PROJECT_VERSION = 1;
				DEVELOPMENT_ASSET_PATHS = "\"ABOUT ME2/Preview Content\"";
				ENABLE_PREVIEWS = YES;
				GENERATE_INFOPLIST_FILE = YES;
				INFOPLIST_KEY_UIApplicationSceneManifest_Generation = YES;
				INFOPLIST_KEY_UIApplicationSupportsIndirectInputEvents = YES;
				INFOPLIST_KEY_UILaunchScreen_Generation = YES;
				INFOPLIST_KEY_UISupportedInterfaceOrientations_iPad = "UIInterfaceOrientationPortrait UIInterfaceOrientationPortraitUpsideDown UIInterfaceOrientationLandscapeLeft UIInterfaceOrientationLandscapeRight";
				INFOPLIST_KEY_UISupportedInterfaceOrientations_iPhone = "UIInterfaceOrientationPortrait UIInterfaceOrientationLandscapeLeft UIInterfaceOrientationLandscapeRight";
				LD_RUNPATH_SEARCH_PATHS = (
					"$(inherited)",
					"@executable_path/Frameworks",
				);
				MARKETING_VERSION = 1.0;
				PRODUCT_BUNDLE_IDENTIFIER = "kwk.ABOUT-ME2";
				PRODUCT_NAME = "$(TARGET_NAME)";
				SWIFT_EMIT_LOC_STRINGS = YES;
				SWIFT_VERSION = 5.0;
				TARGETED_DEVICE_FAMILY = "1,2";
			};
			name = Debug;
		};
		BDC4DC402C25CF4300729048 /* Release */ = {
			isa = XCBuildConfiguration;
			buildSettings = {
				ASSETCATALOG_COMPILER_APPICON_NAME = AppIcon;
				ASSETCATALOG_COMPILER_GLOBAL_ACCENT_COLOR_NAME = AccentColor;
				CODE_SIGN_STYLE = Automatic;
				CURRENT_PROJECT_VERSION = 1;
				DEVELOPMENT_ASSET_PATHS = "\"ABOUT ME2/Preview Content\"";
				ENABLE_PREVIEWS = YES;
				GENERATE_INFOPLIST_FILE = YES;
				INFOPLIST_KEY_UIApplicationSceneManifest_Generation = YES;
				INFOPLIST_KEY_UIApplicationSupportsIndirectInputEvents = YES;
				INFOPLIST_KEY_UILaunchScreen_Generation = YES;
				INFOPLIST_KEY_UISupportedInterfaceOrientations_iPad = "UIInterfaceOrientationPortrait UIInterfaceOrientationPortraitUpsideDown UIInterfaceOrientationLandscapeLeft UIInterfaceOrientationLandscapeRight";
				INFOPLIST_KEY_UISupportedInterfaceOrientations_iPhone = "UIInterfaceOrientationPortrait UIInterfaceOrientationLandscapeLeft UIInterfaceOrientationLandscapeRight";
				LD_RUNPATH_SEARCH_PATHS = (
					"$(inherited)",
					"@executable_path/Frameworks",
				);
				MARKETING_VERSION = 1.0;
				PRODUCT_BUNDLE_IDENTIFIER = "kwk.ABOUT-ME2";
				PRODUCT_NAME = "$(TARGET_NAME)";
				SWIFT_EMIT_LOC_STRINGS = YES;
				SWIFT_VERSION = 5.0;
				TARGETED_DEVICE_FAMILY = "1,2";
			};
			name = Release;
		};
		BDC4DC422C25CF4300729048 /* Debug */ = {
			isa = XCBuildConfiguration;
			buildSettings = {
				ALWAYS_EMBED_SWIFT_STANDARD_LIBRARIES = YES;
				BUNDLE_LOADER = "$(TEST_HOST)";
				CODE_SIGN_STYLE = Automatic;
				CURRENT_PROJECT_VERSION = 1;
				GENERATE_INFOPLIST_FILE = YES;
				IPHONEOS_DEPLOYMENT_TARGET = 17.5;
				MARKETING_VERSION = 1.0;
				PRODUCT_BUNDLE_IDENTIFIER = "kwk.ABOUT-ME2Tests";
				PRODUCT_NAME = "$(TARGET_NAME)";
				SWIFT_EMIT_LOC_STRINGS = NO;
				SWIFT_VERSION = 5.0;
				TARGETED_DEVICE_FAMILY = "1,2";
				TEST_HOST = "$(BUILT_PRODUCTS_DIR)/ABOUT ME2.app/$(BUNDLE_EXECUTABLE_FOLDER_PATH)/ABOUT ME2";
			};
			name = Debug;
		};
		BDC4DC432C25CF4300729048 /* Release */ = {
			isa = XCBuildConfiguration;
			buildSettings = {
				ALWAYS_EMBED_SWIFT_STANDARD_LIBRARIES = YES;
				BUNDLE_LOADER = "$(TEST_HOST)";
				CODE_SIGN_STYLE = Automatic;
				CURRENT_PROJECT_VERSION = 1;
				GENERATE_INFOPLIST_FILE = YES;
				IPHONEOS_DEPLOYMENT_TARGET = 17.5;
				MARKETING_VERSION = 1.0;
				PRODUCT_BUNDLE_IDENTIFIER = "kwk.ABOUT-ME2Tests";
				PRODUCT_NAME = "$(TARGET_NAME)";
				SWIFT_EMIT_LOC_STRINGS = NO;
				SWIFT_VERSION = 5.0;
				TARGETED_DEVICE_FAMILY = "1,2";
				TEST_HOST = "$(BUILT_PRODUCTS_DIR)/ABOUT ME2.app/$(BUNDLE_EXECUTABLE_FOLDER_PATH)/ABOUT ME2";
			};
			name = Release;
		};
		BDC4DC452C25CF4300729048 /* Debug */ = {
			isa = XCBuildConfiguration;
			buildSettings = {
				ALWAYS_EMBED_SWIFT_STANDARD_LIBRARIES = YES;
				CODE_SIGN_STYLE = Automatic;
				CURRENT_PROJECT_VERSION = 1;
				GENERATE_INFOPLIST_FILE = YES;
				MARKETING_VERSION = 1.0;
				PRODUCT_BUNDLE_IDENTIFIER = "kwk.ABOUT-ME2UITests";
				PRODUCT_NAME = "$(TARGET_NAME)";
				SWIFT_EMIT_LOC_STRINGS = NO;
				SWIFT_VERSION = 5.0;
				TARGETED_DEVICE_FAMILY = "1,2";
				TEST_TARGET_NAME = "ABOUT ME2";
			};
			name = Debug;
		};
		BDC4DC462C25CF4300729048 /* Release */ = {
			isa = XCBuildConfiguration;
			buildSettings = {
				ALWAYS_EMBED_SWIFT_STANDARD_LIBRARIES = YES;
				CODE_SIGN_STYLE = Automatic;
				CURRENT_PROJECT_VERSION = 1;
				GENERATE_INFOPLIST_FILE = YES;
				MARKETING_VERSION = 1.0;
				PRODUCT_BUNDLE_IDENTIFIER = "kwk.ABOUT-ME2UITests";
				PRODUCT_NAME = "$(TARGET_NAME)";
				SWIFT_EMIT_LOC_STRINGS = NO;
				SWIFT_VERSION = 5.0;
				TARGETED_DEVICE_FAMILY = "1,2";
				TEST_TARGET_NAME = "ABOUT ME2";
			};
			name = Release;
		};
/* End XCBuildConfiguration section */

/* Begin XCConfigurationList section */
		BDC4DC152C25CF4100729048 /* Build configuration list for PBXProject "ABOUT ME2" */ = {
			isa = XCConfigurationList;
			buildConfigurations = (
				BDC4DC3C2C25CF4300729048 /* Debug */,
				BDC4DC3D2C25CF4300729048 /* Release */,
			);
			defaultConfigurationIsVisible = 0;
			defaultConfigurationName = Release;
		};
		BDC4DC3E2C25CF4300729048 /* Build configuration list for PBXNativeTarget "ABOUT ME2" */ = {
			isa = XCConfigurationList;
			buildConfigurations = (
				BDC4DC3F2C25CF4300729048 /* Debug */,
				BDC4DC402C25CF4300729048 /* Release */,
			);
			defaultConfigurationIsVisible = 0;
			defaultConfigurationName = Release;
		};
		BDC4DC412C25CF4300729048 /* Build configuration list for PBXNativeTarget "ABOUT ME2Tests" */ = {
			isa = XCConfigurationList;
			buildConfigurations = (
				BDC4DC422C25CF4300729048 /* Debug */,
				BDC4DC432C25CF4300729048 /* Release */,
			);
			defaultConfigurationIsVisible = 0;
			defaultConfigurationName = Release;
		};
		BDC4DC442C25CF4300729048 /* Build configuration list for PBXNativeTarget "ABOUT ME2UITests" */ = {
			isa = XCConfigurationList;
			buildConfigurations = (
				BDC4DC452C25CF4300729048 /* Debug */,
				BDC4DC462C25CF4300729048 /* Release */,
			);
			defaultConfigurationIsVisible = 0;
			defaultConfigurationName = Release;
		};
/* End XCConfigurationList section */
	};
	rootObject = BDC4DC122C25CF4100729048 /* Project object */;
}
